<?xml version="1.0" encoding="utf-8"?>
<Project ToolsVersion="4.0" xmlns="http://schemas.microsoft.com/developer/msbuild/2003">
  <ItemGroup>
    <Filter Include="Resource Files">
      <UniqueIdentifier>{67DA6AB6-F800-4c08-8B7A-83BB121AAD01}</UniqueIdentifier>
      <Extensions>rc;ico;cur;bmp;dlg;rc2;rct;bin;rgs;gif;jpg;jpeg;jpe;resx;tiff;tif;png;wav;mfcribbon-ms</Extensions>
    </Filter>
    <Filter Include="src">
      <UniqueIdentifier>{06d7ba7b-914f-44b9-a20a-1d52bb17afa8}</UniqueIdentifier>
    </Filter>
    <Filter Include="include">
      <UniqueIdentifier>{6dcb433d-ee99-4f12-a28d-209271dde246}</UniqueIdentifier>
    </Filter>
    <Filter Include="test">
      <UniqueIdentifier>{44d7f6b8-b219-4a83-b1e2-9787cf716909}</UniqueIdentifier>
    </Filter>
    <Filter Include="scripts">
      <UniqueIdentifier>{0b9ce1e8-9a8a-41e7-a845-b39cde08a219}</UniqueIdentifier>
    </Filter>
    <Filter Include="tracking">
      <UniqueIdentifier>{9c879797-5a32-4ec5-a164-cc9c3fae75ea}</UniqueIdentifier>
    </Filter>
    <Filter Include="include\midi">
      <UniqueIdentifier>{f3d5614f-9c49-4427-b455-c5081cfc0b4c}</UniqueIdentifier>
    </Filter>
    <Filter Include="src\midi">
      <UniqueIdentifier>{72165a26-3da2-4851-ac70-8a0a0f761c30}</UniqueIdentifier>
    </Filter>
    <Filter Include="include\midi\midi_output">
      <UniqueIdentifier>{7061d08d-e367-4c4e-a92b-0ea1664504df}</UniqueIdentifier>
    </Filter>
    <Filter Include="src\midi\midi_output">
      <UniqueIdentifier>{39f52d60-65b2-4ff3-a532-88a3b7790f4f}</UniqueIdentifier>
    </Filter>
  </ItemGroup>
  <ItemGroup>
    <ClCompile Include="..\..\src\main.cpp">
      <Filter>src</Filter>
    </ClCompile>
    <ClCompile Include="..\..\src\gr_note.cpp">
      <Filter>src</Filter>
    </ClCompile>
    <ClCompile Include="..\..\src\gr_object.cpp">
      <Filter>src</Filter>
    </ClCompile>
    <ClCompile Include="..\..\src\gr_midi_output.cpp">
      <Filter>src\midi\midi_output</Filter>
    </ClCompile>
    <ClCompile Include="..\..\src\gr_midi.cpp">
      <Filter>src\midi</Filter>
    </ClCompile>
  </ItemGroup>
  <ItemGroup>
    <ClInclude Include="..\..\include\global_settings.h">
      <Filter>include</Filter>
    </ClInclude>
    <ClInclude Include="..\..\include\gr_note.h">
      <Filter>include</Filter>
    </ClInclude>
    <ClInclude Include="..\..\include\gr_object.h">
      <Filter>include</Filter>
    </ClInclude>
    <ClInclude Include="..\..\include\gr_dynamic_array.h">
      <Filter>include</Filter>
    </ClInclude>
    <ClInclude Include="..\..\include\gr_midi_output.h">
      <Filter>include\midi\midi_output</Filter>
    </ClInclude>
    <ClInclude Include="..\..\include\gr_midi.h">
      <Filter>include\midi</Filter>
    </ClInclude>
  </ItemGroup>
  <ItemGroup>
    <None Include="..\..\scripts\increment_build_version.py">
      <Filter>scripts</Filter>
    </None>
  </ItemGroup>
  <ItemGroup>
    <Text Include="..\..\tracking\BuildVersion.txt">
      <Filter>tracking</Filter>
    </Text>
  </ItemGroup>
</Project>