<?xml version="1.0" encoding="utf-8"?>
<Project ToolsVersion="4.0" xmlns="http://schemas.microsoft.com/developer/msbuild/2003">
  <ItemGroup>
    <Filter Include="Resource Files">
      <UniqueIdentifier>{67DA6AB6-F800-4c08-8B7A-83BB121AAD01}</UniqueIdentifier>
      <Extensions>rc;ico;cur;bmp;dlg;rc2;rct;bin;rgs;gif;jpg;jpeg;jpe;resx;tiff;tif;png;wav;mfcribbon-ms</Extensions>
    </Filter>
    <Filter Include="src">
      <UniqueIdentifier>{06d7ba7b-914f-44b9-a20a-1d52bb17afa8}</UniqueIdentifier>
    </Filter>
    <Filter Include="include">
      <UniqueIdentifier>{6dcb433d-ee99-4f12-a28d-209271dde246}</UniqueIdentifier>
    </Filter>
    <Filter Include="test">
      <UniqueIdentifier>{44d7f6b8-b219-4a83-b1e2-9787cf716909}</UniqueIdentifier>
    </Filter>
  </ItemGroup>
  <ItemGroup>
    <ClCompile Include="..\..\src\main.cpp">
      <Filter>src</Filter>
    </ClCompile>
  </ItemGroup>
  <ItemGroup>
    <ClInclude Include="..\..\include\global_settings.h">
      <Filter>include</Filter>
    </ClInclude>
  </ItemGroup>
</Project>